{
  "name": "hexo-theme-polarbear",
  "version": "1.1",
  "lockfileVersion": 1,
  "requires": true,
  "dependencies": {
    "hexo-generator-archive": {
      "version": "0.1.5",
      "resolved": "https://registry.npmjs.org/hexo-generator-archive/-/hexo-generator-archive-0.1.5.tgz",
      "integrity": "sha512-jPbMtibqkJnAX3hCwhYhK3r6cqy9OKQsVEScjk7LDok+iPmFmkKCNdU/OccxGe1CWAZpT+ta4+LknwNeHG2G4w==",
      "requires": {
        "hexo-pagination": "0.0.2",
        "object-assign": "2.1.1"
      }
    },
    "hexo-pagination": {
      "version": "0.0.2",
      "resolved": "https://registry.npmjs.org/hexo-pagination/-/hexo-pagination-0.0.2.tgz",
      "integrity": "sha1-jPRwx9sN5bGKOSanbesZQBXffys=",
      "requires": {
        "utils-merge": "1.0.1"
      }
    },
    "object-assign": {
      "version": "2.1.1",
      "resolved": "https://registry.npmjs.org/object-assign/-/object-assign-2.1.1.tgz",
      "integrity": "sha1-Q8NuXVaf+OSBbE76i+AtJpZ8GKo="
    },
    "utils-merge": {
      "version": "1.0.1",
      "resolved": "https://registry.npmjs.org/utils-merge/-/utils-merge-1.0.1.tgz",
      "integrity": "sha1-n5VxD1CiZ5R7LMwSR0HBAoQn5xM="
    }
  }
}
